
Microsoft Visual Studio Solution File, Format Version 12.00
# Visual Studio 15
VisualStudioVersion = 15.0.27004.2002
MinimumVisualStudioVersion = 10.0.40219.1
Project("{2150E333-8FDC-42A3-9474-1A3956D46DE8}") = "Executables", "Executables", "{2D7B26FE-121E-43FF-AC66-A65C03620240}"
EndProject
Project("{2150E333-8FDC-42A3-9474-1A3956D46DE8}") = "Libraries", "Libraries", "{A01B56C6-882F-437E-B819-AF9851E64661}"
EndProject
Project("{2150E333-8FDC-42A3-9474-1A3956D46DE8}") = "Modules", "Modules", "{3579FFE7-E4C9-4E3B-B6E9-39D52D16FB98}"
EndProject
Project("{8BC9CEB8-8B4A-11D0-8D11-00A0C91BC942}") = "Jellyfish_Renderer", "Projects\Jellyfish_Renderer\Jellyfish_Renderer.vcxproj", "{FA20E653-4D47-4C0B-AC10-3CBB593586C4}"
	ProjectSection(ProjectDependencies) = postProject
		{8A271FE5-CA64-469D-8889-02E380A98E9C} = {8A271FE5-CA64-469D-8889-02E380A98E9C}
	EndProjectSection
EndProject
Project("{8BC9CEB8-8B4A-11D0-8D11-00A0C91BC942}") = "RESTful Runtime", "Projects\RESTfulRuntime\RESTful Runtime.vcxproj", "{DB798922-E669-4806-ADD6-3E493B4DE854}"
	ProjectSection(ProjectDependencies) = postProject
		{A5A6154C-F92E-4571-9065-C5E905373592} = {A5A6154C-F92E-4571-9065-C5E905373592}
		{FA20E653-4D47-4C0B-AC10-3CBB593586C4} = {FA20E653-4D47-4C0B-AC10-3CBB593586C4}
		{A87EBBAE-2BE6-4224-902C-575AAABFE1BB} = {A87EBBAE-2BE6-4224-902C-575AAABFE1BB}
		{382E73FA-0206-4B29-8B05-64A521B245B5} = {382E73FA-0206-4B29-8B05-64A521B245B5}
	EndProjectSection
EndProject
Project("{8BC9CEB8-8B4A-11D0-8D11-00A0C91BC942}") = "Engine", "Projects\LearnOpenGL\LearnOpenGL.vcxproj", "{A5A6154C-F92E-4571-9065-C5E905373592}"
	ProjectSection(ProjectDependencies) = postProject
		{8A271FE5-CA64-469D-8889-02E380A98E9C} = {8A271FE5-CA64-469D-8889-02E380A98E9C}
	EndProjectSection
EndProject
Project("{8BC9CEB8-8B4A-11D0-8D11-00A0C91BC942}") = "REST API", "Projects\REST API\REST API.vcxproj", "{A87EBBAE-2BE6-4224-902C-575AAABFE1BB}"
	ProjectSection(ProjectDependencies) = postProject
		{A5A6154C-F92E-4571-9065-C5E905373592} = {A5A6154C-F92E-4571-9065-C5E905373592}
	EndProjectSection
EndProject
Project("{8BC9CEB8-8B4A-11D0-8D11-00A0C91BC942}") = "Utils", "Projects\Utils\Utils.vcxproj", "{8A271FE5-CA64-469D-8889-02E380A98E9C}"
EndProject
Project("{8BC9CEB8-8B4A-11D0-8D11-00A0C91BC942}") = "Physics", "Projects\Physics\Physics.vcxproj", "{382E73FA-0206-4B29-8B05-64A521B245B5}"
	ProjectSection(ProjectDependencies) = postProject
		{A5A6154C-F92E-4571-9065-C5E905373592} = {A5A6154C-F92E-4571-9065-C5E905373592}
	EndProjectSection
EndProject
Global
	GlobalSection(SolutionConfigurationPlatforms) = preSolution
		Debug|ARM = Debug|ARM
		Debug|x64 = Debug|x64
		Debug|x86 = Debug|x86
		Release|ARM = Release|ARM
		Release|x64 = Release|x64
		Release|x86 = Release|x86
	EndGlobalSection
	GlobalSection(ProjectConfigurationPlatforms) = postSolution
		{FA20E653-4D47-4C0B-AC10-3CBB593586C4}.Debug|ARM.ActiveCfg = Debug|Win32
		{FA20E653-4D47-4C0B-AC10-3CBB593586C4}.Debug|x64.ActiveCfg = Debug|x64
		{FA20E653-4D47-4C0B-AC10-3CBB593586C4}.Debug|x64.Build.0 = Debug|x64
		{FA20E653-4D47-4C0B-AC10-3CBB593586C4}.Debug|x86.ActiveCfg = Debug|Win32
		{FA20E653-4D47-4C0B-AC10-3CBB593586C4}.Debug|x86.Build.0 = Debug|Win32
		{FA20E653-4D47-4C0B-AC10-3CBB593586C4}.Release|ARM.ActiveCfg = Release|Win32
		{FA20E653-4D47-4C0B-AC10-3CBB593586C4}.Release|x64.ActiveCfg = Release|x64
		{FA20E653-4D47-4C0B-AC10-3CBB593586C4}.Release|x64.Build.0 = Release|x64
		{FA20E653-4D47-4C0B-AC10-3CBB593586C4}.Release|x86.ActiveCfg = Release|Win32
		{FA20E653-4D47-4C0B-AC10-3CBB593586C4}.Release|x86.Build.0 = Release|Win32
		{DB798922-E669-4806-ADD6-3E493B4DE854}.Debug|ARM.ActiveCfg = Debug|Win32
		{DB798922-E669-4806-ADD6-3E493B4DE854}.Debug|x64.ActiveCfg = Debug|x64
		{DB798922-E669-4806-ADD6-3E493B4DE854}.Debug|x64.Build.0 = Debug|x64
		{DB798922-E669-4806-ADD6-3E493B4DE854}.Debug|x86.ActiveCfg = Debug|Win32
		{DB798922-E669-4806-ADD6-3E493B4DE854}.Debug|x86.Build.0 = Debug|Win32
		{DB798922-E669-4806-ADD6-3E493B4DE854}.Release|ARM.ActiveCfg = Release|Win32
		{DB798922-E669-4806-ADD6-3E493B4DE854}.Release|x64.ActiveCfg = Release|x64
		{DB798922-E669-4806-ADD6-3E493B4DE854}.Release|x64.Build.0 = Release|x64
		{DB798922-E669-4806-ADD6-3E493B4DE854}.Release|x86.ActiveCfg = Release|Win32
		{DB798922-E669-4806-ADD6-3E493B4DE854}.Release|x86.Build.0 = Release|Win32
		{A5A6154C-F92E-4571-9065-C5E905373592}.Debug|ARM.ActiveCfg = Debug|Win32
		{A5A6154C-F92E-4571-9065-C5E905373592}.Debug|x64.ActiveCfg = Debug|x64
		{A5A6154C-F92E-4571-9065-C5E905373592}.Debug|x64.Build.0 = Debug|x64
		{A5A6154C-F92E-4571-9065-C5E905373592}.Debug|x86.ActiveCfg = Debug|Win32
		{A5A6154C-F92E-4571-9065-C5E905373592}.Debug|x86.Build.0 = Debug|Win32
		{A5A6154C-F92E-4571-9065-C5E905373592}.Release|ARM.ActiveCfg = Release|Win32
		{A5A6154C-F92E-4571-9065-C5E905373592}.Release|x64.ActiveCfg = Release|x64
		{A5A6154C-F92E-4571-9065-C5E905373592}.Release|x64.Build.0 = Release|x64
		{A5A6154C-F92E-4571-9065-C5E905373592}.Release|x86.ActiveCfg = Release|Win32
		{A5A6154C-F92E-4571-9065-C5E905373592}.Release|x86.Build.0 = Release|Win32
		{A87EBBAE-2BE6-4224-902C-575AAABFE1BB}.Debug|ARM.ActiveCfg = Debug|Win32
		{A87EBBAE-2BE6-4224-902C-575AAABFE1BB}.Debug|x64.ActiveCfg = Debug|x64
		{A87EBBAE-2BE6-4224-902C-575AAABFE1BB}.Debug|x64.Build.0 = Debug|x64
		{A87EBBAE-2BE6-4224-902C-575AAABFE1BB}.Debug|x86.ActiveCfg = Debug|Win32
		{A87EBBAE-2BE6-4224-902C-575AAABFE1BB}.Debug|x86.Build.0 = Debug|Win32
		{A87EBBAE-2BE6-4224-902C-575AAABFE1BB}.Release|ARM.ActiveCfg = Release|Win32
		{A87EBBAE-2BE6-4224-902C-575AAABFE1BB}.Release|x64.ActiveCfg = Release|x64
		{A87EBBAE-2BE6-4224-902C-575AAABFE1BB}.Release|x64.Build.0 = Release|x64
		{A87EBBAE-2BE6-4224-902C-575AAABFE1BB}.Release|x86.ActiveCfg = Release|Win32
		{A87EBBAE-2BE6-4224-902C-575AAABFE1BB}.Release|x86.Build.0 = Release|Win32
		{8A271FE5-CA64-469D-8889-02E380A98E9C}.Debug|ARM.ActiveCfg = Debug|Win32
		{8A271FE5-CA64-469D-8889-02E380A98E9C}.Debug|x64.ActiveCfg = Debug|x64
		{8A271FE5-CA64-469D-8889-02E380A98E9C}.Debug|x64.Build.0 = Debug|x64
		{8A271FE5-CA64-469D-8889-02E380A98E9C}.Debug|x86.ActiveCfg = Debug|Win32
		{8A271FE5-CA64-469D-8889-02E380A98E9C}.Debug|x86.Build.0 = Debug|Win32
		{8A271FE5-CA64-469D-8889-02E380A98E9C}.Release|ARM.ActiveCfg = Release|Win32
		{8A271FE5-CA64-469D-8889-02E380A98E9C}.Release|x64.ActiveCfg = Release|x64
		{8A271FE5-CA64-469D-8889-02E380A98E9C}.Release|x64.Build.0 = Release|x64
		{8A271FE5-CA64-469D-8889-02E380A98E9C}.Release|x86.ActiveCfg = Release|Win32
		{8A271FE5-CA64-469D-8889-02E380A98E9C}.Release|x86.Build.0 = Release|Win32
		{382E73FA-0206-4B29-8B05-64A521B245B5}.Debug|ARM.ActiveCfg = Debug|Win32
		{382E73FA-0206-4B29-8B05-64A521B245B5}.Debug|x64.ActiveCfg = Debug|x64
		{382E73FA-0206-4B29-8B05-64A521B245B5}.Debug|x64.Build.0 = Debug|x64
		{382E73FA-0206-4B29-8B05-64A521B245B5}.Debug|x86.ActiveCfg = Debug|Win32
		{382E73FA-0206-4B29-8B05-64A521B245B5}.Debug|x86.Build.0 = Debug|Win32
		{382E73FA-0206-4B29-8B05-64A521B245B5}.Release|ARM.ActiveCfg = Release|Win32
		{382E73FA-0206-4B29-8B05-64A521B245B5}.Release|x64.ActiveCfg = Release|x64
		{382E73FA-0206-4B29-8B05-64A521B245B5}.Release|x64.Build.0 = Release|x64
		{382E73FA-0206-4B29-8B05-64A521B245B5}.Release|x86.ActiveCfg = Release|Win32
		{382E73FA-0206-4B29-8B05-64A521B245B5}.Release|x86.Build.0 = Release|Win32
	EndGlobalSection
	GlobalSection(SolutionProperties) = preSolution
		HideSolutionNode = FALSE
	EndGlobalSection
	GlobalSection(NestedProjects) = preSolution
		{FA20E653-4D47-4C0B-AC10-3CBB593586C4} = {A01B56C6-882F-437E-B819-AF9851E64661}
		{DB798922-E669-4806-ADD6-3E493B4DE854} = {2D7B26FE-121E-43FF-AC66-A65C03620240}
		{A5A6154C-F92E-4571-9065-C5E905373592} = {A01B56C6-882F-437E-B819-AF9851E64661}
		{A87EBBAE-2BE6-4224-902C-575AAABFE1BB} = {A01B56C6-882F-437E-B819-AF9851E64661}
		{8A271FE5-CA64-469D-8889-02E380A98E9C} = {3579FFE7-E4C9-4E3B-B6E9-39D52D16FB98}
		{382E73FA-0206-4B29-8B05-64A521B245B5} = {A01B56C6-882F-437E-B819-AF9851E64661}
	EndGlobalSection
	GlobalSection(ExtensibilityGlobals) = postSolution
		SolutionGuid = {3D70D5D9-3AD2-49FE-ACAD-B1BB5E0CBA46}
	EndGlobalSection
EndGlobal
