
Microsoft Visual Studio Solution File, Format Version 12.00
# Visual Studio 15
VisualStudioVersion = 15.0.27004.2002
MinimumVisualStudioVersion = 10.0.40219.1
Project("{8BC9CEB8-8B4A-11D0-8D11-00A0C91BC942}") = "Engine", "LearnOpenGL\LearnOpenGL.vcxproj", "{FF8E7633-30BE-4894-B416-90CADCAB156D}"
EndProject
Project("{8BC9CEB8-8B4A-11D0-8D11-00A0C91BC942}") = "Jellyfish_Renderer", "src\Jellyfish_Renderer\Jellyfish_Renderer\Jellyfish_Renderer.vcxproj", "{8FCF4487-2B03-4448-A6AC-C67294994BA7}"
EndProject
Global
	GlobalSection(SolutionConfigurationPlatforms) = preSolution
		Debug|ARM = Debug|ARM
		Debug|x64 = Debug|x64
		Debug|x86 = Debug|x86
		Release|ARM = Release|ARM
		Release|x64 = Release|x64
		Release|x86 = Release|x86
	EndGlobalSection
	GlobalSection(ProjectConfigurationPlatforms) = postSolution
		{FF8E7633-30BE-4894-B416-90CADCAB156D}.Debug|ARM.ActiveCfg = Debug|Win32
		{FF8E7633-30BE-4894-B416-90CADCAB156D}.Debug|x64.ActiveCfg = Debug|x64
		{FF8E7633-30BE-4894-B416-90CADCAB156D}.Debug|x64.Build.0 = Debug|x64
		{FF8E7633-30BE-4894-B416-90CADCAB156D}.Debug|x86.ActiveCfg = Debug|Win32
		{FF8E7633-30BE-4894-B416-90CADCAB156D}.Debug|x86.Build.0 = Debug|Win32
		{FF8E7633-30BE-4894-B416-90CADCAB156D}.Release|ARM.ActiveCfg = Release|Win32
		{FF8E7633-30BE-4894-B416-90CADCAB156D}.Release|x64.ActiveCfg = Release|x64
		{FF8E7633-30BE-4894-B416-90CADCAB156D}.Release|x64.Build.0 = Release|x64
		{FF8E7633-30BE-4894-B416-90CADCAB156D}.Release|x86.ActiveCfg = Release|Win32
		{FF8E7633-30BE-4894-B416-90CADCAB156D}.Release|x86.Build.0 = Release|Win32
		{8FCF4487-2B03-4448-A6AC-C67294994BA7}.Debug|ARM.ActiveCfg = Debug|Win32
		{8FCF4487-2B03-4448-A6AC-C67294994BA7}.Debug|x64.ActiveCfg = Debug|x64
		{8FCF4487-2B03-4448-A6AC-C67294994BA7}.Debug|x64.Build.0 = Debug|x64
		{8FCF4487-2B03-4448-A6AC-C67294994BA7}.Debug|x86.ActiveCfg = Debug|Win32
		{8FCF4487-2B03-4448-A6AC-C67294994BA7}.Debug|x86.Build.0 = Debug|Win32
		{8FCF4487-2B03-4448-A6AC-C67294994BA7}.Release|ARM.ActiveCfg = Release|Win32
		{8FCF4487-2B03-4448-A6AC-C67294994BA7}.Release|x64.ActiveCfg = Release|x64
		{8FCF4487-2B03-4448-A6AC-C67294994BA7}.Release|x64.Build.0 = Release|x64
		{8FCF4487-2B03-4448-A6AC-C67294994BA7}.Release|x86.ActiveCfg = Release|Win32
		{8FCF4487-2B03-4448-A6AC-C67294994BA7}.Release|x86.Build.0 = Release|Win32
	EndGlobalSection
	GlobalSection(SolutionProperties) = preSolution
		HideSolutionNode = FALSE
	EndGlobalSection
	GlobalSection(ExtensibilityGlobals) = postSolution
		SolutionGuid = {3D70D5D9-3AD2-49FE-ACAD-B1BB5E0CBA46}
	EndGlobalSection
EndGlobal
